
Microsoft Visual Studio Solution File, Format Version 10.00
# Visual C++ Express 2008
Project("{8BC9CEB8-8B4A-11D0-8D11-00A0C91BC942}") = "dblayer", "winlib\winlib.vcproj", "{F5406801-D190-4F9E-A383-F8CB81D5032C}"
EndProject
Project("{8BC9CEB8-8B4A-11D0-8D11-00A0C91BC942}") = "testSchema", "testSchema\testSchema.vcproj", "{BCE7261A-8CFF-4C2F-8F28-614CCEBBBAC8}"
EndProject
Global
	GlobalSection(SolutionConfigurationPlatforms) = preSolution
		Debug|Win32 = Debug|Win32
		Release|Win32 = Release|Win32
	EndGlobalSection
	GlobalSection(ProjectConfigurationPlatforms) = postSolution
		{F5406801-D190-4F9E-A383-F8CB81D5032C}.Debug|Win32.ActiveCfg = Debug|Win32
		{F5406801-D190-4F9E-A383-F8CB81D5032C}.Debug|Win32.Build.0 = Debug|Win32
		{F5406801-D190-4F9E-A383-F8CB81D5032C}.Release|Win32.ActiveCfg = Release|Win32
		{F5406801-D190-4F9E-A383-F8CB81D5032C}.Release|Win32.Build.0 = Release|Win32
		{BCE7261A-8CFF-4C2F-8F28-614CCEBBBAC8}.Debug|Win32.ActiveCfg = Debug|Win32
		{BCE7261A-8CFF-4C2F-8F28-614CCEBBBAC8}.Debug|Win32.Build.0 = Debug|Win32
		{BCE7261A-8CFF-4C2F-8F28-614CCEBBBAC8}.Release|Win32.ActiveCfg = Release|Win32
		{BCE7261A-8CFF-4C2F-8F28-614CCEBBBAC8}.Release|Win32.Build.0 = Release|Win32
	EndGlobalSection
	GlobalSection(SolutionProperties) = preSolution
		HideSolutionNode = FALSE
	EndGlobalSection
EndGlobal
